
Microsoft Visual Studio Solution File, Format Version 12.00
# Visual Studio Version 17
VisualStudioVersion = 17.13.35919.96 d17.13
MinimumVisualStudioVersion = 10.0.40219.1
Project("{8BC9CEB8-8B4A-11D0-8D11-00A0C91BC942}") = "OOP_Project_GPT", "OOP_Project_GPT\OOP_Project_GPT.vcxproj", "{EF005737-D1CB-4D6B-8764-9C0DA8C0B156}"
EndProject
Global
	GlobalSection(SolutionConfigurationPlatforms) = preSolution
		Debug|x64 = Debug|x64
		Release|x64 = Release|x64
	EndGlobalSection
	GlobalSection(ProjectConfigurationPlatforms) = postSolution
		{EF005737-D1CB-4D6B-8764-9C0DA8C0B156}.Debug|x64.ActiveCfg = Debug|x64
		{EF005737-D1CB-4D6B-8764-9C0DA8C0B156}.Debug|x64.Build.0 = Debug|x64
		{EF005737-D1CB-4D6B-8764-9C0DA8C0B156}.Release|x64.ActiveCfg = Release|x64
		{EF005737-D1CB-4D6B-8764-9C0DA8C0B156}.Release|x64.Build.0 = Release|x64
	EndGlobalSection
	GlobalSection(SolutionProperties) = preSolution
		HideSolutionNode = FALSE
	EndGlobalSection
	GlobalSection(ExtensibilityGlobals) = postSolution
		SolutionGuid = {2BB3ED67-CF04-430E-B4CE-4D6017DD1CAB}
	EndGlobalSection
EndGlobal
